// !$*UTF8*$!
{
	archiveVersion = 1;
	classes = {
	};
	objectVersion = 46;
	objects = {

/* Begin PBXBuildFile section */
		77999FC91D5B3E71004A6A58 /* MitwaaCopy.mp3 in Resources */ = {isa = PBXBuildFile; fileRef = 77999FC81D5B3E71004A6A58 /* MitwaaCopy.mp3 */; };
		77999FCB1D5B4AF9004A6A58 /* FlyingJatt.mp3 in Resources */ = {isa = PBXBuildFile; fileRef = 77999FCA1D5B4AF9004A6A58 /* FlyingJatt.mp3 */; };
		77A54BB01D58B4AD00615961 /* main.m in Sources */ = {isa = PBXBuildFile; fileRef = 77A54BAF1D58B4AD00615961 /* main.m */; };
		77A54BB31D58B4AD00615961 /* AppDelegate.m in Sources */ = {isa = PBXBuildFile; fileRef = 77A54BB21D58B4AD00615961 /* AppDelegate.m */; };
		77A54BB61D58B4AD00615961 /* ViewController.m in Sources */ = {isa = PBXBuildFile; fileRef = 77A54BB51D58B4AD00615961 /* ViewController.m */; };
		77A54BB91D58B4AD00615961 /* Main.storyboard in Resources */ = {isa = PBXBuildFile; fileRef = 77A54BB71D58B4AD00615961 /* Main.storyboard */; };
		77A54BBB1D58B4AD00615961 /* Assets.xcassets in Resources */ = {isa = PBXBuildFile; fileRef = 77A54BBA1D58B4AD00615961 /* Assets.xcassets */; };
		77A54BBE1D58B4AD00615961 /* LaunchScreen.storyboard in Resources */ = {isa = PBXBuildFile; fileRef = 77A54BBC1D58B4AD00615961 /* LaunchScreen.storyboard */; };
		77A54BC61D58B83E00615961 /* AVFoundation.framework in Frameworks */ = {isa = PBXBuildFile; fileRef = 77A54BC51D58B83E00615961 /* AVFoundation.framework */; };
		77A54BC81D58B8BA00615961 /* Mitwaa.mp3 in Resources */ = {isa = PBXBuildFile; fileRef = 77A54BC71D58B8BA00615961 /* Mitwaa.mp3 */; };
/* End PBXBuildFile section */

/* Begin PBXFileReference section */
		77999FC81D5B3E71004A6A58 /* MitwaaCopy.mp3 */ = {isa = PBXFileReference; lastKnownFileType = audio.mp3; path = MitwaaCopy.mp3; sourceTree = "<group>"; };
		77999FCA1D5B4AF9004A6A58 /* FlyingJatt.mp3 */ = {isa = PBXFileReference; lastKnownFileType = audio.mp3; path = FlyingJatt.mp3; sourceTree = "<group>"; };
		77A54BAB1D58B4AD00615961 /* PTMusic Player.app */ = {isa = PBXFileReference; explicitFileType = wrapper.application; includeInIndex = 0; path = "PTMusic Player.app"; sourceTree = BUILT_PRODUCTS_DIR; };
		77A54BAF1D58B4AD00615961 /* main.m */ = {isa = PBXFileReference; lastKnownFileType = sourcecode.c.objc; path = main.m; sourceTree = "<group>"; };
		77A54BB11D58B4AD00615961 /* AppDelegate.h */ = {isa = PBXFileReference; lastKnownFileType = sourcecode.c.h; path = AppDelegate.h; sourceTree = "<group>"; };
		77A54BB21D58B4AD00615961 /* AppDelegate.m */ = {isa = PBXFileReference; lastKnownFileType = sourcecode.c.objc; path = AppDelegate.m; sourceTree = "<group>"; };
		77A54BB41D58B4AD00615961 /* ViewController.h */ = {isa = PBXFileReference; lastKnownFileType = sourcecode.c.h; path = ViewController.h; sourceTree = "<group>"; };
		77A54BB51D58B4AD00615961 /* ViewController.m */ = {isa = PBXFileReference; lastKnownFileType = sourcecode.c.objc; path = ViewController.m; sourceTree = "<group>"; };
		77A54BB81D58B4AD00615961 /* Base */ = {isa = PBXFileReference; lastKnownFileType = file.storyboard; name = Base; path = Base.lproj/Main.storyboard; sourceTree = "<group>"; };
		77A54BBA1D58B4AD00615961 /* Assets.xcassets */ = {isa = PBXFileReference; lastKnownFileType = folder.assetcatalog; path = Assets.xcassets; sourceTree = "<group>"; };
		77A54BBD1D58B4AD00615961 /* Base */ = {isa = PBXFileReference; lastKnownFileType = file.storyboard; name = Base; path = Base.lproj/LaunchScreen.storyboard; sourceTree = "<group>"; };
		77A54BBF1D58B4AD00615961 /* Info.plist */ = {isa = PBXFileReference; lastKnownFileType = text.plist.xml; path = Info.plist; sourceTree = "<group>"; };
		77A54BC51D58B83E00615961 /* AVFoundation.framework */ = {isa = PBXFileReference; lastKnownFileType = wrapper.framework; name = AVFoundation.framework; path = System/Library/Frameworks/AVFoundation.framework; sourceTree = SDKROOT; };
		77A54BC71D58B8BA00615961 /* Mitwaa.mp3 */ = {isa = PBXFileReference; lastKnownFileType = audio.mp3; path = Mitwaa.mp3; sourceTree = "<group>"; };
/* End PBXFileReference section */

/* Begin PBXFrameworksBuildPhase section */
		77A54BA81D58B4AD00615961 /* Frameworks */ = {
			isa = PBXFrameworksBuildPhase;
			buildActionMask = 2147483647;
			files = (
				77A54BC61D58B83E00615961 /* AVFoundation.framework in Frameworks */,
			);
			runOnlyForDeploymentPostprocessing = 0;
		};
/* End PBXFrameworksBuildPhase section */

/* Begin PBXGroup section */
		77A54BA21D58B4AD00615961 = {
			isa = PBXGroup;
			children = (
				77A54BC51D58B83E00615961 /* AVFoundation.framework */,
				77A54BAD1D58B4AD00615961 /* PTMusic Player */,
				77A54BAC1D58B4AD00615961 /* Products */,
			);
			sourceTree = "<group>";
		};
		77A54BAC1D58B4AD00615961 /* Products */ = {
			isa = PBXGroup;
			children = (
				77A54BAB1D58B4AD00615961 /* PTMusic Player.app */,
			);
			name = Products;
			sourceTree = "<group>";
		};
		77A54BAD1D58B4AD00615961 /* PTMusic Player */ = {
			isa = PBXGroup;
			children = (
				77A54BC71D58B8BA00615961 /* Mitwaa.mp3 */,
				77999FCA1D5B4AF9004A6A58 /* FlyingJatt.mp3 */,
				77999FC81D5B3E71004A6A58 /* MitwaaCopy.mp3 */,
				77A54BB11D58B4AD00615961 /* AppDelegate.h */,
				77A54BB21D58B4AD00615961 /* AppDelegate.m */,
				77A54BB41D58B4AD00615961 /* ViewController.h */,
				77A54BB51D58B4AD00615961 /* ViewController.m */,
				77A54BB71D58B4AD00615961 /* Main.storyboard */,
				77A54BBA1D58B4AD00615961 /* Assets.xcassets */,
				77A54BBC1D58B4AD00615961 /* LaunchScreen.storyboard */,
				77A54BBF1D58B4AD00615961 /* Info.plist */,
				77A54BAE1D58B4AD00615961 /* Supporting Files */,
			);
			path = "PTMusic Player";
			sourceTree = "<group>";
		};
		77A54BAE1D58B4AD00615961 /* Supporting Files */ = {
			isa = PBXGroup;
			children = (
				77A54BAF1D58B4AD00615961 /* main.m */,
			);
			name = "Supporting Files";
			sourceTree = "<group>";
		};
/* End PBXGroup section */

/* Begin PBXNativeTarget section */
		77A54BAA1D58B4AD00615961 /* PTMusic Player */ = {
			isa = PBXNativeTarget;
			buildConfigurationList = 77A54BC21D58B4AD00615961 /* Build configuration list for PBXNativeTarget "PTMusic Player" */;
			buildPhases = (
				77A54BA71D58B4AD00615961 /* Sources */,
				77A54BA81D58B4AD00615961 /* Frameworks */,
				77A54BA91D58B4AD00615961 /* Resources */,
			);
			buildRules = (
			);
			dependencies = (
			);
			name = "PTMusic Player";
			productName = "PTMusic Player";
			productReference = 77A54BAB1D58B4AD00615961 /* PTMusic Player.app */;
			productType = "com.apple.product-type.application";
		};
/* End PBXNativeTarget section */

/* Begin PBXProject section */
		77A54BA31D58B4AD00615961 /* Project object */ = {
			isa = PBXProject;
			attributes = {
				LastUpgradeCheck = 0730;
				ORGANIZATIONNAME = "Purushottam Tayade";
				TargetAttributes = {
					77A54BAA1D58B4AD00615961 = {
						CreatedOnToolsVersion = 7.3.1;
					};
				};
			};
			buildConfigurationList = 77A54BA61D58B4AD00615961 /* Build configuration list for PBXProject "PTMusic Player" */;
			compatibilityVersion = "Xcode 3.2";
			developmentRegion = English;
			hasScannedForEncodings = 0;
			knownRegions = (
				en,
				Base,
			);
			mainGroup = 77A54BA21D58B4AD00615961;
			productRefGroup = 77A54BAC1D58B4AD00615961 /* Products */;
			projectDirPath = "";
			projectRoot = "";
			targets = (
				77A54BAA1D58B4AD00615961 /* PTMusic Player */,
			);
		};
/* End PBXProject section */

/* Begin PBXResourcesBuildPhase section */
		77A54BA91D58B4AD00615961 /* Resources */ = {
			isa = PBXResourcesBuildPhase;
			buildActionMask = 2147483647;
			files = (
				77A54BBE1D58B4AD00615961 /* LaunchScreen.storyboard in Resources */,
				77999FCB1D5B4AF9004A6A58 /* FlyingJatt.mp3 in Resources */,
				77999FC91D5B3E71004A6A58 /* MitwaaCopy.mp3 in Resources */,
				77A54BBB1D58B4AD00615961 /* Assets.xcassets in Resources */,
				77A54BB91D58B4AD00615961 /* Main.storyboard in Resources */,
				77A54BC81D58B8BA00615961 /* Mitwaa.mp3 in Resources */,
			);
			runOnlyForDeploymentPostprocessing = 0;
		};
/* End PBXResourcesBuildPhase section */

/* Begin PBXSourcesBuildPhase section */
		77A54BA71D58B4AD00615961 /* Sources */ = {
			isa = PBXSourcesBuildPhase;
			buildActionMask = 2147483647;
			files = (
				77A54BB61D58B4AD00615961 /* ViewController.m in Sources */,
				77A54BB31D58B4AD00615961 /* AppDelegate.m in Sources */,
				77A54BB01D58B4AD00615961 /* main.m in Sources */,
			);
			runOnlyForDeploymentPostprocessing = 0;
		};
/* End PBXSourcesBuildPhase section */

/* Begin PBXVariantGroup section */
		77A54BB71D58B4AD00615961 /* Main.storyboard */ = {
			isa = PBXVariantGroup;
			children = (
				77A54BB81D58B4AD00615961 /* Base */,
			);
			name = Main.storyboard;
			sourceTree = "<group>";
		};
		77A54BBC1D58B4AD00615961 /* LaunchScreen.storyboard */ = {
			isa = PBXVariantGroup;
			children = (
				77A54BBD1D58B4AD00615961 /* Base */,
			);
			name = LaunchScreen.storyboard;
			sourceTree = "<group>";
		};
/* End PBXVariantGroup section */

/* Begin XCBuildConfiguration section */
		77A54BC01D58B4AD00615961 /* Debug */ = {
			isa = XCBuildConfiguration;
			buildSettings = {
				ALWAYS_SEARCH_USER_PATHS = NO;
				CLANG_ANALYZER_NONNULL = YES;
				CLANG_CXX_LANGUAGE_STANDARD = "gnu++0x";
				CLANG_CXX_LIBRARY = "libc++";
				CLANG_ENABLE_MODULES = YES;
				CLANG_ENABLE_OBJC_ARC = YES;
				CLANG_WARN_BOOL_CONVERSION = YES;
				CLANG_WARN_CONSTANT_CONVERSION = YES;
				CLANG_WARN_DIRECT_OBJC_ISA_USAGE = YES_ERROR;
				CLANG_WARN_EMPTY_BODY = YES;
				CLANG_WARN_ENUM_CONVERSION = YES;
				CLANG_WARN_INT_CONVERSION = YES;
				CLANG_WARN_OBJC_ROOT_CLASS = YES_ERROR;
				CLANG_WARN_UNREACHABLE_CODE = YES;
				CLANG_WARN__DUPLICATE_METHOD_MATCH = YES;
				"CODE_SIGN_IDENTITY[sdk=iphoneos*]" = "iPhone Developer";
				COPY_PHASE_STRIP = NO;
				DEBUG_INFORMATION_FORMAT = dwarf;
				ENABLE_STRICT_OBJC_MSGSEND = YES;
				ENABLE_TESTABILITY = YES;
				GCC_C_LANGUAGE_STANDARD = gnu99;
				GCC_DYNAMIC_NO_PIC = NO;
				GCC_NO_COMMON_BLOCKS = YES;
				GCC_OPTIMIZATION_LEVEL = 0;
				GCC_PREPROCESSOR_DEFINITIONS = (
					"DEBUG=1",
					"$(inherited)",
				);
				GCC_WARN_64_TO_32_BIT_CONVERSION = YES;
				GCC_WARN_ABOUT_RETURN_TYPE = YES_ERROR;
				GCC_WARN_UNDECLARED_SELECTOR = YES;
				GCC_WARN_UNINITIALIZED_AUTOS = YES_AGGRESSIVE;
				GCC_WARN_UNUSED_FUNCTION = YES;
				GCC_WARN_UNUSED_VARIABLE = YES;
				IPHONEOS_DEPLOYMENT_TARGET = 9.3;
				MTL_ENABLE_DEBUG_INFO = YES;
				ONLY_ACTIVE_ARCH = YES;
				SDKROOT = iphoneos;
				TARGETED_DEVICE_FAMILY = "1,2";
			};
			name = Debug;
		};
		77A54BC11D58B4AD00615961 /* Release */ = {
			isa = XCBuildConfiguration;
			buildSettings = {
				ALWAYS_SEARCH_USER_PATHS = NO;
				CLANG_ANALYZER_NONNULL = YES;
				CLANG_CXX_LANGUAGE_STANDARD = "gnu++0x";
				CLANG_CXX_LIBRARY = "libc++";
				CLANG_ENABLE_MODULES = YES;
				CLANG_ENABLE_OBJC_ARC = YES;
				CLANG_WARN_BOOL_CONVERSION = YES;
				CLANG_WARN_CONSTANT_CONVERSION = YES;
				CLANG_WARN_DIRECT_OBJC_ISA_USAGE = YES_ERROR;
				CLANG_WARN_EMPTY_BODY = YES;
				CLANG_WARN_ENUM_CONVERSION = YES;
				CLANG_WARN_INT_CONVERSION = YES;
				CLANG_WARN_OBJC_ROOT_CLASS = YES_ERROR;
				CLANG_WARN_UNREACHABLE_CODE = YES;
				CLANG_WARN__DUPLICATE_METHOD_MATCH = YES;
				"CODE_SIGN_IDENTITY[sdk=iphoneos*]" = "iPhone Developer";
				COPY_PHASE_STRIP = NO;
				DEBUG_INFORMATION_FORMAT = "dwarf-with-dsym";
				ENABLE_NS_ASSERTIONS = NO;
				ENABLE_STRICT_OBJC_MSGSEND = YES;
				GCC_C_LANGUAGE_STANDARD = gnu99;
				GCC_NO_COMMON_BLOCKS = YES;
				GCC_WARN_64_TO_32_BIT_CONVERSION = YES;
				GCC_WARN_ABOUT_RETURN_TYPE = YES_ERROR;
				GCC_WARN_UNDECLARED_SELECTOR = YES;
				GCC_WARN_UNINITIALIZED_AUTOS = YES_AGGRESSIVE;
				GCC_WARN_UNUSED_FUNCTION = YES;
				GCC_WARN_UNUSED_VARIABLE = YES;
				IPHONEOS_DEPLOYMENT_TARGET = 9.3;
				MTL_ENABLE_DEBUG_INFO = NO;
				SDKROOT = iphoneos;
				TARGETED_DEVICE_FAMILY = "1,2";
				VALIDATE_PRODUCT = YES;
			};
			name = Release;
		};
		77A54BC31D58B4AD00615961 /* Debug */ = {
			isa = XCBuildConfiguration;
			buildSettings = {
				ASSETCATALOG_COMPILER_APPICON_NAME = AppIcon;
				INFOPLIST_FILE = "PTMusic Player/Info.plist";
				LD_RUNPATH_SEARCH_PATHS = "$(inherited) @executable_path/Frameworks";
				PRODUCT_BUNDLE_IDENTIFIER = "com.felix.purushottamtayade.PTMusic-Player";
				PRODUCT_NAME = "$(TARGET_NAME)";
			};
			name = Debug;
		};
		77A54BC41D58B4AD00615961 /* Release */ = {
			isa = XCBuildConfiguration;
			buildSettings = {
				ASSETCATALOG_COMPILER_APPICON_NAME = AppIcon;
				INFOPLIST_FILE = "PTMusic Player/Info.plist";
				LD_RUNPATH_SEARCH_PATHS = "$(inherited) @executable_path/Frameworks";
				PRODUCT_BUNDLE_IDENTIFIER = "com.felix.purushottamtayade.PTMusic-Player";
				PRODUCT_NAME = "$(TARGET_NAME)";
			};
			name = Release;
		};
/* End XCBuildConfiguration section */

/* Begin XCConfigurationList section */
		77A54BA61D58B4AD00615961 /* Build configuration list for PBXProject "PTMusic Player" */ = {
			isa = XCConfigurationList;
			buildConfigurations = (
				77A54BC01D58B4AD00615961 /* Debug */,
				77A54BC11D58B4AD00615961 /* Release */,
			);
			defaultConfigurationIsVisible = 0;
			defaultConfigurationName = Release;
		};
		77A54BC21D58B4AD00615961 /* Build configuration list for PBXNativeTarget "PTMusic Player" */ = {
			isa = XCConfigurationList;
			buildConfigurations = (
				77A54BC31D58B4AD00615961 /* Debug */,
				77A54BC41D58B4AD00615961 /* Release */,
			);
			defaultConfigurationIsVisible = 0;
			defaultConfigurationName = Release;
		};
/* End XCConfigurationList section */
	};
	rootObject = 77A54BA31D58B4AD00615961 /* Project object */;
}
